{
  "lockfileVersion": 1,
  "configVersion": 1,
  "workspaces": {
    "": {
      "devDependencies": {
        "@types/jquery": "^3.5.33",
        "@types/tampermonkey": "^5.0.5",
      },
    },
  },
  "packages": {
    "@types/jquery": ["@types/jquery@3.5.33", "", { "dependencies": { "@types/sizzle": "*" } }, "sha512-SeyVJXlCZpEki5F0ghuYe+L+PprQta6nRZqhONt9F13dWBtR/ftoaIbdRQ7cis7womE+X2LKhsDdDtkkDhJS6g=="],

    "@types/sizzle": ["@types/sizzle@2.3.10", "", {}, "sha512-TC0dmN0K8YcWEAEfiPi5gJP14eJe30TTGjkvek3iM/1NdHHsdCA/Td6GvNndMOo/iSnIsZ4HuuhrYPDAmbxzww=="],

    "@types/tampermonkey": ["@types/tampermonkey@5.0.5", "", {}, "sha512-ZWitwJH4T/jcQiynhc3I5DNiwlsDzVTKPXg6A8ltTw3SDuf0b00bNRSV0Z/yldnhhBi9e8g8vY/X3LVSQcaCKQ=="],
  }
}
