# THIS IS AN AUTOGENERATED FILE. DO NOT EDIT THIS FILE DIRECTLY.
# yarn lockfile v1


"@types/jquery@^3.5.29":
  version "3.5.29"
  resolved "https://registry.yarnpkg.com/@types/jquery/-/jquery-3.5.29.tgz#3c06a1f519cd5fc3a7a108971436c00685b5dcea"
  integrity sha512-oXQQC9X9MOPRrMhPHHOsXqeQDnWeCDT3PelUIg/Oy8FAbzSZtFHRjc7IpbfFVmpLtJ+UOoywpRsuO5Jxjybyeg==
  dependencies:
    "@types/sizzle" "*"

"@types/sizzle@*":
  version "2.3.3"
  resolved "https://registry.yarnpkg.com/@types/sizzle/-/sizzle-2.3.3.tgz#ff5e2f1902969d305225a047c8a0fd5c915cebef"
  integrity sha512-JYM8x9EGF163bEyhdJBpR2QX1R5naCJHC8ucJylJ3w9/CVBaskdQ8WqBf8MmQrd1kRvp/a4TS8HJ+bxzR7ZJYQ==

"@types/tampermonkey@^5.0.2":
  version "5.0.2"
  resolved "https://registry.yarnpkg.com/@types/tampermonkey/-/tampermonkey-5.0.2.tgz#667c94cf58bfed3e2471aeb887fb2f8da08dee79"
  integrity sha512-keKnYemqWts68wO2+TBdEg84iQd5vymK5SEQGxitI9uOfOnjm/ZskBoK9ZH3mnSYp79HidZMA/Y7ODQtiA/VIg==
